
Microsoft Visual Studio Solution File, Format Version 12.00
# Visual Studio Version 17
VisualStudioVersion = 17.11.35208.52
MinimumVisualStudioVersion = 10.0.40219.1
Project("{FAE04EC0-301F-11D3-BF4B-00C04F79EFBC}") = "family", "family\family.csproj", "{D3827543-CF82-41E9-9828-9B2C7042B68C}"
EndProject
Global
	GlobalSection(SolutionConfigurationPlatforms) = preSolution
		Debug|Any CPU = Debug|Any CPU
		Release|Any CPU = Release|Any CPU
	EndGlobalSection
	GlobalSection(ProjectConfigurationPlatforms) = postSolution
		{D3827543-CF82-41E9-9828-9B2C7042B68C}.Debug|Any CPU.ActiveCfg = Debug|Any CPU
		{D3827543-CF82-41E9-9828-9B2C7042B68C}.Debug|Any CPU.Build.0 = Debug|Any CPU
		{D3827543-CF82-41E9-9828-9B2C7042B68C}.Release|Any CPU.ActiveCfg = Release|Any CPU
		{D3827543-CF82-41E9-9828-9B2C7042B68C}.Release|Any CPU.Build.0 = Release|Any CPU
	EndGlobalSection
	GlobalSection(SolutionProperties) = preSolution
		HideSolutionNode = FALSE
	EndGlobalSection
	GlobalSection(ExtensibilityGlobals) = postSolution
		SolutionGuid = {698BD036-A6E3-409C-A30E-D0B11EC523D9}
	EndGlobalSection
EndGlobal
